
Microsoft Visual Studio Solution File, Format Version 12.00
# Visual Studio Version 17
VisualStudioVersion = 17.13.35931.197 d17.13
MinimumVisualStudioVersion = 10.0.40219.1
Project("{FAE04EC0-301F-11D3-BF4B-00C04F79EFBC}") = "WpfApp1", "WpfApp1\WpfApp1.csproj", "{13993C20-78E0-42EC-A66E-5F3880551D46}"
EndProject
Global
	GlobalSection(SolutionConfigurationPlatforms) = preSolution
		Debug|Any CPU = Debug|Any CPU
		Release|Any CPU = Release|Any CPU
	EndGlobalSection
	GlobalSection(ProjectConfigurationPlatforms) = postSolution
		{13993C20-78E0-42EC-A66E-5F3880551D46}.Debug|Any CPU.ActiveCfg = Debug|Any CPU
		{13993C20-78E0-42EC-A66E-5F3880551D46}.Debug|Any CPU.Build.0 = Debug|Any CPU
		{13993C20-78E0-42EC-A66E-5F3880551D46}.Release|Any CPU.ActiveCfg = Release|Any CPU
		{13993C20-78E0-42EC-A66E-5F3880551D46}.Release|Any CPU.Build.0 = Release|Any CPU
	EndGlobalSection
	GlobalSection(SolutionProperties) = preSolution
		HideSolutionNode = FALSE
	EndGlobalSection
	GlobalSection(ExtensibilityGlobals) = postSolution
		SolutionGuid = {A1E9E804-4DDE-452C-BB4E-EA80F445E59E}
	EndGlobalSection
EndGlobal
